
Microsoft Visual Studio Solution File, Format Version 12.00
# Visual Studio Version 17
VisualStudioVersion = 17.4.33403.182
MinimumVisualStudioVersion = 10.0.40219.1
Project("{FAE04EC0-301F-11D3-BF4B-00C04F79EFBC}") = "EggsInteractiveGUI", "EggsInteractiveGUI.csproj", "{C9741551-E273-4769-839E-8842BEE13848}"
EndProject
Global
	GlobalSection(SolutionConfigurationPlatforms) = preSolution
		Debug|Any CPU = Debug|Any CPU
		Release|Any CPU = Release|Any CPU
	EndGlobalSection
	GlobalSection(ProjectConfigurationPlatforms) = postSolution
		{C9741551-E273-4769-839E-8842BEE13848}.Debug|Any CPU.ActiveCfg = Debug|Any CPU
		{C9741551-E273-4769-839E-8842BEE13848}.Debug|Any CPU.Build.0 = Debug|Any CPU
		{C9741551-E273-4769-839E-8842BEE13848}.Release|Any CPU.ActiveCfg = Release|Any CPU
		{C9741551-E273-4769-839E-8842BEE13848}.Release|Any CPU.Build.0 = Release|Any CPU
	EndGlobalSection
	GlobalSection(SolutionProperties) = preSolution
		HideSolutionNode = FALSE
	EndGlobalSection
	GlobalSection(ExtensibilityGlobals) = postSolution
		SolutionGuid = {A7DDFE1D-DA19-4DE6-923E-5940776DF9DD}
	EndGlobalSection
EndGlobal
